
Microsoft Visual Studio Solution File, Format Version 12.00
# Visual Studio Version 17
VisualStudioVersion = 17.5.33103.201
MinimumVisualStudioVersion = 10.0.40219.1
Project("{FAE04EC0-301F-11D3-BF4B-00C04F79EFBC}") = "1_AspDotNetCore_First_Web_App", "1_AspDotNetCore_First_Web_App\1_AspDotNetCore_First_Web_App.csproj", "{EF140334-759F-468E-8270-4C3CC736896D}"
EndProject
Global
	GlobalSection(SolutionConfigurationPlatforms) = preSolution
		Debug|Any CPU = Debug|Any CPU
		Release|Any CPU = Release|Any CPU
	EndGlobalSection
	GlobalSection(ProjectConfigurationPlatforms) = postSolution
		{EF140334-759F-468E-8270-4C3CC736896D}.Debug|Any CPU.ActiveCfg = Debug|Any CPU
		{EF140334-759F-468E-8270-4C3CC736896D}.Debug|Any CPU.Build.0 = Debug|Any CPU
		{EF140334-759F-468E-8270-4C3CC736896D}.Release|Any CPU.ActiveCfg = Release|Any CPU
		{EF140334-759F-468E-8270-4C3CC736896D}.Release|Any CPU.Build.0 = Release|Any CPU
	EndGlobalSection
	GlobalSection(SolutionProperties) = preSolution
		HideSolutionNode = FALSE
	EndGlobalSection
	GlobalSection(ExtensibilityGlobals) = postSolution
		SolutionGuid = {279DC2C1-608E-4AD5-A607-358C5A5DBB72}
	EndGlobalSection
EndGlobal
